
Microsoft Visual Studio Solution File, Format Version 12.00
# Visual Studio Version 16
VisualStudioVersion = 16.0.32413.511
MinimumVisualStudioVersion = 10.0.40219.1
Project("{FAE04EC0-301F-11D3-BF4B-00C04F79EFBC}") = "CapaNegocios", "CapaNegocios\CapaNegocios.csproj", "{75F7BF31-C6F8-413B-A0DC-8BB5B3F32266}"
EndProject
Project("{FAE04EC0-301F-11D3-BF4B-00C04F79EFBC}") = "CapaPresentacion", "CapaPresentacion\CapaPresentacion.csproj", "{2A3C6411-94DC-48AE-A9ED-2AFBA5CCEDB5}"
EndProject
Global
	GlobalSection(SolutionConfigurationPlatforms) = preSolution
		Debug|Any CPU = Debug|Any CPU
		Release|Any CPU = Release|Any CPU
	EndGlobalSection
	GlobalSection(ProjectConfigurationPlatforms) = postSolution
		{75F7BF31-C6F8-413B-A0DC-8BB5B3F32266}.Debug|Any CPU.ActiveCfg = Debug|Any CPU
		{75F7BF31-C6F8-413B-A0DC-8BB5B3F32266}.Debug|Any CPU.Build.0 = Debug|Any CPU
		{75F7BF31-C6F8-413B-A0DC-8BB5B3F32266}.Release|Any CPU.ActiveCfg = Release|Any CPU
		{75F7BF31-C6F8-413B-A0DC-8BB5B3F32266}.Release|Any CPU.Build.0 = Release|Any CPU
		{2A3C6411-94DC-48AE-A9ED-2AFBA5CCEDB5}.Debug|Any CPU.ActiveCfg = Debug|Any CPU
		{2A3C6411-94DC-48AE-A9ED-2AFBA5CCEDB5}.Debug|Any CPU.Build.0 = Debug|Any CPU
		{2A3C6411-94DC-48AE-A9ED-2AFBA5CCEDB5}.Release|Any CPU.ActiveCfg = Release|Any CPU
		{2A3C6411-94DC-48AE-A9ED-2AFBA5CCEDB5}.Release|Any CPU.Build.0 = Release|Any CPU
	EndGlobalSection
	GlobalSection(SolutionProperties) = preSolution
		HideSolutionNode = FALSE
	EndGlobalSection
	GlobalSection(ExtensibilityGlobals) = postSolution
		SolutionGuid = {C025AD9B-B5CA-4F2A-B5AC-7C9BFB2587E0}
	EndGlobalSection
EndGlobal
